
Microsoft Visual Studio Solution File, Format Version 12.00
# Visual Studio 2012
Project("{FAE04EC0-301F-11D3-BF4B-00C04F79EFBC}") = "TileExchange", "TileExchange\TileExchange.csproj", "{BB4A7D10-2F2C-4F92-B99A-D9173B4AA735}"
EndProject
Global
	GlobalSection(SolutionConfigurationPlatforms) = preSolution
		Debug|Any CPU = Debug|Any CPU
		Release|Any CPU = Release|Any CPU
	EndGlobalSection
	GlobalSection(ProjectConfigurationPlatforms) = postSolution
		{BB4A7D10-2F2C-4F92-B99A-D9173B4AA735}.Debug|Any CPU.ActiveCfg = Debug|Any CPU
		{BB4A7D10-2F2C-4F92-B99A-D9173B4AA735}.Debug|Any CPU.Build.0 = Debug|Any CPU
		{BB4A7D10-2F2C-4F92-B99A-D9173B4AA735}.Release|Any CPU.ActiveCfg = Release|Any CPU
		{BB4A7D10-2F2C-4F92-B99A-D9173B4AA735}.Release|Any CPU.Build.0 = Release|Any CPU
	EndGlobalSection
EndGlobal
